{
  "version": "5",
  "specifiers": {
    "npm:class-transformer@*": "0.5.1",
    "npm:class-validator@*": "0.15.1",
    "npm:rou3@*": "0.8.1"
  },
  "npm": {
    "@types/validator@13.15.10": {
      "integrity": "sha512-T8L6i7wCuyoK8A/ZeLYt1+q0ty3Zb9+qbSSvrIVitzT3YjZqkTZ40IbRsPanlB4h1QB3JVL1SYCdR6ngtFYcuA=="
    },
    "class-transformer@0.5.1": {
      "integrity": "sha512-SQa1Ws6hUbfC98vKGxZH3KFY0Y1lm5Zm0SY8XX9zbK7FJCyVEac3ATW0RIpwzW+oOfmHE5PMPufDG9hCfoEOMw=="
    },
    "class-validator@0.15.1": {
      "integrity": "sha512-LqoS80HBBSCVhz/3KloUly0ovokxpdOLR++Al3J3+dHXWt9sTKlKd4eYtoxhxyUjoe5+UcIM+5k9MIxyBWnRTw==",
      "dependencies": [
        "@types/validator",
        "libphonenumber-js",
        "validator"
      ]
    },
    "libphonenumber-js@1.13.7": {
      "integrity": "sha512-rvr3HIMdOgzhz1RFGjftji+wjoAFlzhqCNqJOU/MKTZQ8d9NZxAR/tI+0weDicyoucqVR0U1GCniqHJ0f8aM2A=="
    },
    "rou3@0.8.1": {
      "integrity": "sha512-ePa+XGk00/3HuCqrEnK3LxJW7I0SdNg6EFzKUJG73hMAdDcOUC/i/aSz7LSDwLrGr33kal/rqOGydzwl6U7zBA=="
    },
    "validator@13.15.35": {
      "integrity": "sha512-TQ5pAGhd5whStmqWvYF4OjQROlmv9SMFVt37qoCBdqRffuuklWYQlCNnEs2ZaIBD1kZRNnikiZOS1eqgkar0iw=="
    }
  },
  "workspace": {
    "dependencies": [
      "npm:class-transformer@*",
      "npm:class-validator@*",
      "npm:rou3@*"
    ]
  }
}
